
Microsoft Visual Studio Solution File, Format Version 12.00
# Visual Studio Version 17
VisualStudioVersion = 17.9.34902.65
MinimumVisualStudioVersion = 10.0.40219.1
Project("{9A19103F-16F7-4668-BE54-9A1E7A4F7556}") = "CfB_Sample_Trainer_Website_ASPNET", "CfB_Sample_Trainer_Website_ASPNET\CfB_Sample_Trainer_Website_ASPNET.csproj", "{E6E57B47-55E4-4CD0-8301-E275C355FC3B}"
EndProject
Project("{2150E333-8FDC-42A3-9474-1A3956D46DE8}") = "Infra", "Infra", "{AB7CFAA5-B864-4942-9978-7AB69B58EADE}"
	ProjectSection(SolutionItems) = preProject
		Infra\Infra.bicep = Infra\Infra.bicep
	EndProjectSection
EndProject
Global
	GlobalSection(SolutionConfigurationPlatforms) = preSolution
		Debug|Any CPU = Debug|Any CPU
		Release|Any CPU = Release|Any CPU
	EndGlobalSection
	GlobalSection(ProjectConfigurationPlatforms) = postSolution
		{E6E57B47-55E4-4CD0-8301-E275C355FC3B}.Debug|Any CPU.ActiveCfg = Debug|Any CPU
		{E6E57B47-55E4-4CD0-8301-E275C355FC3B}.Debug|Any CPU.Build.0 = Debug|Any CPU
		{E6E57B47-55E4-4CD0-8301-E275C355FC3B}.Release|Any CPU.ActiveCfg = Release|Any CPU
		{E6E57B47-55E4-4CD0-8301-E275C355FC3B}.Release|Any CPU.Build.0 = Release|Any CPU
	EndGlobalSection
	GlobalSection(SolutionProperties) = preSolution
		HideSolutionNode = FALSE
	EndGlobalSection
	GlobalSection(ExtensibilityGlobals) = postSolution
		SolutionGuid = {F36009A3-A72D-46EA-832E-6CE24FF7CCA7}
	EndGlobalSection
EndGlobal
